
Microsoft Visual Studio Solution File, Format Version 12.00
# Visual Studio Version 17
VisualStudioVersion = 17.0.32014.148
MinimumVisualStudioVersion = 10.0.40219.1
Project("{FAE04EC0-301F-11D3-BF4B-00C04F79EFBC}") = "VizsgaGRPC", "VizsgaGRPC\VizsgaGRPC.csproj", "{60A3D0DE-90F5-475D-B1F0-A5B3B0122FDF}"
EndProject
Global
	GlobalSection(SolutionConfigurationPlatforms) = preSolution
		Debug|Any CPU = Debug|Any CPU
		Release|Any CPU = Release|Any CPU
	EndGlobalSection
	GlobalSection(ProjectConfigurationPlatforms) = postSolution
		{60A3D0DE-90F5-475D-B1F0-A5B3B0122FDF}.Debug|Any CPU.ActiveCfg = Debug|Any CPU
		{60A3D0DE-90F5-475D-B1F0-A5B3B0122FDF}.Debug|Any CPU.Build.0 = Debug|Any CPU
		{60A3D0DE-90F5-475D-B1F0-A5B3B0122FDF}.Release|Any CPU.ActiveCfg = Release|Any CPU
		{60A3D0DE-90F5-475D-B1F0-A5B3B0122FDF}.Release|Any CPU.Build.0 = Release|Any CPU
	EndGlobalSection
	GlobalSection(SolutionProperties) = preSolution
		HideSolutionNode = FALSE
	EndGlobalSection
	GlobalSection(ExtensibilityGlobals) = postSolution
		SolutionGuid = {D8B9B1B2-4923-41B7-91BE-7EB245B04599}
	EndGlobalSection
EndGlobal
